lockfileVersion: '9.0'

settings:
  autoInstallPeers: true
  excludeLinksFromLockfile: false

importers:

  .:
    dependencies:
      '@henosis/platform-k8s':
        specifier: github:henosis-playground/platform#path:packages/platform-k8s
        version: https://codeload.github.com/henosis-playground/platform/tar.gz/ee1ed2d73bfa945f5568dd3b609294a3882bceed#path:packages/platform-k8s
      '@henosis/service-a':
        specifier: github:henosis-playground/service-a#path:henosis
        version: https://codeload.github.com/henosis-playground/service-a/tar.gz/f0a695d5b710ed1394435c64d9c29eee71cb847d#path:henosis
    devDependencies:
      typescript:
        specifier: ^5.9.0
        version: 5.9.3

packages:

  '@henosis/core@https://codeload.github.com/henosis-playground/platform/tar.gz/ee1ed2d73bfa945f5568dd3b609294a3882bceed#path:packages/core':
    resolution: {gitHosted: true, path: packages/core, tarball: https://codeload.github.com/henosis-playground/platform/tar.gz/ee1ed2d73bfa945f5568dd3b609294a3882bceed}
    version: 0.0.0

  '@henosis/platform-k8s@https://codeload.github.com/henosis-playground/platform/tar.gz/ee1ed2d73bfa945f5568dd3b609294a3882bceed#path:packages/platform-k8s':
    resolution: {gitHosted: true, path: packages/platform-k8s, tarball: https://codeload.github.com/henosis-playground/platform/tar.gz/ee1ed2d73bfa945f5568dd3b609294a3882bceed}
    version: 0.0.0

  '@henosis/service-a@https://codeload.github.com/henosis-playground/service-a/tar.gz/f0a695d5b710ed1394435c64d9c29eee71cb847d#path:henosis':
    resolution: {gitHosted: true, integrity: sha512-wk3Yuj4GQl1eo6Itp1b6iW5jY/NB2+5FRzapTh2sFLScBQBCzgPropohlO9CFKO1f5uEhtOCtsmRrg962icP5w==, tarball: https://codeload.github.com/henosis-playground/service-a/tar.gz/f0a695d5b710ed1394435c64d9c29eee71cb847d}
    version: 0.0.0

  typescript@5.9.3:
    resolution: {integrity: sha512-jl1vZzPDinLr9eUt3J/t7V6FgNEw9QjvBPdysz9KfQDD41fQrC2Y4vKQdiaUpFT4bXlb1RHhLpp8wtm6M5TgSw==}
    engines: {node: '>=14.17'}
    hasBin: true

  yaml@2.8.1:
    resolution: {integrity: sha512-lcYcMxX2PO9XMGvAJkJ3OsNMw+/7FKes7/hgerGUYWIoWu5j/+YQqcZr5JnPZWzOsEBgMbSbiSTn/dv/69Mkpw==}
    engines: {node: '>= 14.6'}
    hasBin: true

snapshots:

  '@henosis/core@https://codeload.github.com/henosis-playground/platform/tar.gz/ee1ed2d73bfa945f5568dd3b609294a3882bceed#path:packages/core': {}

  '@henosis/platform-k8s@https://codeload.github.com/henosis-playground/platform/tar.gz/ee1ed2d73bfa945f5568dd3b609294a3882bceed#path:packages/platform-k8s':
    dependencies:
      '@henosis/core': https://codeload.github.com/henosis-playground/platform/tar.gz/ee1ed2d73bfa945f5568dd3b609294a3882bceed#path:packages/core
      yaml: 2.8.1

  '@henosis/service-a@https://codeload.github.com/henosis-playground/service-a/tar.gz/f0a695d5b710ed1394435c64d9c29eee71cb847d#path:henosis':
    dependencies:
      '@henosis/platform-k8s': https://codeload.github.com/henosis-playground/platform/tar.gz/ee1ed2d73bfa945f5568dd3b609294a3882bceed#path:packages/platform-k8s

  typescript@5.9.3: {}

  yaml@2.8.1: {}
